PODS:
  - NKButton (1.2):
    - NKFrameLayoutKit
    - NVActivityIndicatorView
  - NKFrameLayoutKit (1.8.7)
  - NKSparkleButton (0.1.0):
    - NKButton
  - NVActivityIndicatorView (4.1.1):
    - NVActivityIndicatorView/Presenter (= 4.1.1)
  - NVActivityIndicatorView/Presenter (4.1.1)

DEPENDENCIES:
  - NKSparkleButton (from `../`)

EXTERNAL SOURCES:
  NKSparkleButton:
    :path: ../

SPEC CHECKSUMS:
  NKButton: cadcce07b76df6378c08df4bd096f94c7030bd98
  NKFrameLayoutKit: 8f42f38532cdf725848c5466827ed398130df7d4
  NKSparkleButton: 6f6d5503e503095e7c6d55cc67bcbe1ffe4ee2d0
  NVActivityIndicatorView: 60109b9bf46efc2e71ab81453196ccdfdfeea870

PODFILE CHECKSUM: d82b6d7cfc09cdeb9b335f0d697cd12c5ce2c7e5

COCOAPODS: 1.4.0
