PODS:
  - FrameLayoutKit (3.2.2)
  - NKButton (3.2):
    - FrameLayoutKit
    - NVActivityIndicatorView/AppExtension
  - NKSparkleButton (1.0):
    - NKButton
  - NVActivityIndicatorView/AppExtension (4.3.0)

DEPENDENCIES:
  - NKSparkleButton (from `../`)

SPEC REPOS:
  https://github.com/cocoapods/specs.git:
    - FrameLayoutKit
    - NKButton
    - NVActivityIndicatorView

EXTERNAL SOURCES:
  NKSparkleButton:
    :path: "../"

SPEC CHECKSUMS:
  FrameLayoutKit: 5ae84edde016a3c39d7c66051620a1bb73b80d52
  NKButton: 5106661f358eb1acf7158d1a17f0d85cd45b0c7a
  NKSparkleButton: 1ed9a3c0225aa4fc97a2ace636eec346351f51be
  NVActivityIndicatorView: 963f62bf9f993fcf23218e55958e5b1761b9504c

PODFILE CHECKSUM: d82b6d7cfc09cdeb9b335f0d697cd12c5ce2c7e5

COCOAPODS: 1.5.3
